// !$*UTF8*$!
{
	archiveVersion = 1;
	classes = {
	};
	objectVersion = 46;
	objects = {

/* Begin PBXBuildFile section */
		BE34906C1AD80F9A00C0384F /* AppDelegate.swift in Sources */ = {isa = PBXBuildFile; fileRef = BE34906B1AD80F9A00C0384F /* AppDelegate.swift */; };
		BE34906E1AD80F9A00C0384F /* ViewController.swift in Sources */ = {isa = PBXBuildFile; fileRef = BE34906D1AD80F9A00C0384F /* ViewController.swift */; };
		BE3490711AD80F9A00C0384F /* Main.storyboard in Resources */ = {isa = PBXBuildFile; fileRef = BE34906F1AD80F9A00C0384F /* Main.storyboard */; };
		BE3490731AD80F9A00C0384F /* Images.xcassets in Resources */ = {isa = PBXBuildFile; fileRef = BE3490721AD80F9A00C0384F /* Images.xcassets */; };
		BE3490761AD80F9A00C0384F /* LaunchScreen.xib in Resources */ = {isa = PBXBuildFile; fileRef = BE3490741AD80F9A00C0384F /* LaunchScreen.xib */; };
		BE3490821AD80F9A00C0384F /* BullsEyeTests.swift in Sources */ = {isa = PBXBuildFile; fileRef = BE3490811AD80F9A00C0384F /* BullsEyeTests.swift */; };
/* End PBXBuildFile section */

/* Begin PBXContainerItemProxy section */
		BE34907C1AD80F9A00C0384F /* PBXContainerItemProxy */ = {
			isa = PBXContainerItemProxy;
			containerPortal = BE34905E1AD80F9A00C0384F /* Project object */;
			proxyType = 1;
			remoteGlobalIDString = BE3490651AD80F9A00C0384F;
			remoteInfo = BullsEye;
		};
/* End PBXContainerItemProxy section */

/* Begin PBXFileReference section */
		BE3490661AD80F9A00C0384F /* BullsEye.app */ = {isa = PBXFileReference; explicitFileType = wrapper.application; includeInIndex = 0; path = BullsEye.app; sourceTree = BUILT_PRODUCTS_DIR; };
		BE34906A1AD80F9A00C0384F /* Info.plist */ = {isa = PBXFileReference; lastKnownFileType = text.plist.xml; path = Info.plist; sourceTree = "<group>"; };
		BE34906B1AD80F9A00C0384F /* AppDelegate.swift */ = {isa = PBXFileReference; lastKnownFileType = sourcecode.swift; path = AppDelegate.swift; sourceTree = "<group>"; };
		BE34906D1AD80F9A00C0384F /* ViewController.swift */ = {isa = PBXFileReference; lastKnownFileType = sourcecode.swift; path = ViewController.swift; sourceTree = "<group>"; };
		BE3490701AD80F9A00C0384F /* Base */ = {isa = PBXFileReference; lastKnownFileType = file.storyboard; name = Base; path = Base.lproj/Main.storyboard; sourceTree = "<group>"; };
		BE3490721AD80F9A00C0384F /* Images.xcassets */ = {isa = PBXFileReference; lastKnownFileType = folder.assetcatalog; path = Images.xcassets; sourceTree = "<group>"; };
		BE3490751AD80F9A00C0384F /* Base */ = {isa = PBXFileReference; lastKnownFileType = file.xib; name = Base; path = Base.lproj/LaunchScreen.xib; sourceTree = "<group>"; };
		BE34907B1AD80F9A00C0384F /* BullsEyeTests.xctest */ = {isa = PBXFileReference; explicitFileType = wrapper.cfbundle; includeInIndex = 0; path = BullsEyeTests.xctest; sourceTree = BUILT_PRODUCTS_DIR; };
		BE3490801AD80F9A00C0384F /* Info.plist */ = {isa = PBXFileReference; lastKnownFileType = text.plist.xml; path = Info.plist; sourceTree = "<group>"; };
		BE3490811AD80F9A00C0384F /* BullsEyeTests.swift */ = {isa = PBXFileReference; lastKnownFileType = sourcecode.swift; path = BullsEyeTests.swift; sourceTree = "<group>"; };
/* End PBXFileReference section */

/* Begin PBXFrameworksBuildPhase section */
		BE3490631AD80F9A00C0384F /* Frameworks */ = {
			isa = PBXFrameworksBuildPhase;
			buildActionMask = 2147483647;
			files = (
			);
			runOnlyForDeploymentPostprocessing = 0;
		};
		BE3490781AD80F9A00C0384F /* Frameworks */ = {
			isa = PBXFrameworksBuildPhase;
			buildActionMask = 2147483647;
			files = (
			);
			runOnlyForDeploymentPostprocessing = 0;
		};
/* End PBXFrameworksBuildPhase section */

/* Begin PBXGroup section */
		BE34905D1AD80F9A00C0384F = {
			isa = PBXGroup;
			children = (
				BE3490681AD80F9A00C0384F /* BullsEye */,
				BE34907E1AD80F9A00C0384F /* BullsEyeTests */,
				BE3490671AD80F9A00C0384F /* Products */,
			);
			sourceTree = "<group>";
		};
		BE3490671AD80F9A00C0384F /* Products */ = {
			isa = PBXGroup;
			children = (
				BE3490661AD80F9A00C0384F /* BullsEye.app */,
				BE34907B1AD80F9A00C0384F /* BullsEyeTests.xctest */,
			);
			name = Products;
			sourceTree = "<group>";
		};
		BE3490681AD80F9A00C0384F /* BullsEye */ = {
			isa = PBXGroup;
			children = (
				BE34906B1AD80F9A00C0384F /* AppDelegate.swift */,
				BE34906D1AD80F9A00C0384F /* ViewController.swift */,
				BE34906F1AD80F9A00C0384F /* Main.storyboard */,
				BE3490721AD80F9A00C0384F /* Images.xcassets */,
				BE3490741AD80F9A00C0384F /* LaunchScreen.xib */,
				BE3490691AD80F9A00C0384F /* Supporting Files */,
			);
			path = BullsEye;
			sourceTree = "<group>";
		};
		BE3490691AD80F9A00C0384F /* Supporting Files */ = {
			isa = PBXGroup;
			children = (
				BE34906A1AD80F9A00C0384F /* Info.plist */,
			);
			name = "Supporting Files";
			sourceTree = "<group>";
		};
		BE34907E1AD80F9A00C0384F /* BullsEyeTests */ = {
			isa = PBXGroup;
			children = (
				BE3490811AD80F9A00C0384F /* BullsEyeTests.swift */,
				BE34907F1AD80F9A00C0384F /* Supporting Files */,
			);
			path = BullsEyeTests;
			sourceTree = "<group>";
		};
		BE34907F1AD80F9A00C0384F /* Supporting Files */ = {
			isa = PBXGroup;
			children = (
				BE3490801AD80F9A00C0384F /* Info.plist */,
			);
			name = "Supporting Files";
			sourceTree = "<group>";
		};
/* End PBXGroup section */

/* Begin PBXNativeTarget section */
		BE3490651AD80F9A00C0384F /* BullsEye */ = {
			isa = PBXNativeTarget;
			buildConfigurationList = BE3490851AD80F9A00C0384F /* Build configuration list for PBXNativeTarget "BullsEye" */;
			buildPhases = (
				BE3490621AD80F9A00C0384F /* Sources */,
				BE3490631AD80F9A00C0384F /* Frameworks */,
				BE3490641AD80F9A00C0384F /* Resources */,
			);
			buildRules = (
			);
			dependencies = (
			);
			name = BullsEye;
			productName = BullsEye;
			productReference = BE3490661AD80F9A00C0384F /* BullsEye.app */;
			productType = "com.apple.product-type.application";
		};
		BE34907A1AD80F9A00C0384F /* BullsEyeTests */ = {
			isa = PBXNativeTarget;
			buildConfigurationList = BE3490881AD80F9A00C0384F /* Build configuration list for PBXNativeTarget "BullsEyeTests" */;
			buildPhases = (
				BE3490771AD80F9A00C0384F /* Sources */,
				BE3490781AD80F9A00C0384F /* Frameworks */,
				BE3490791AD80F9A00C0384F /* Resources */,
			);
			buildRules = (
			);
			dependencies = (
				BE34907D1AD80F9A00C0384F /* PBXTargetDependency */,
			);
			name = BullsEyeTests;
			productName = BullsEyeTests;
			productReference = BE34907B1AD80F9A00C0384F /* BullsEyeTests.xctest */;
			productType = "com.apple.product-type.bundle.unit-test";
		};
/* End PBXNativeTarget section */

/* Begin PBXProject section */
		BE34905E1AD80F9A00C0384F /* Project object */ = {
			isa = PBXProject;
			attributes = {
				LastUpgradeCheck = 0620;
				ORGANIZATIONNAME = smarter;
				TargetAttributes = {
					BE3490651AD80F9A00C0384F = {
						CreatedOnToolsVersion = 6.2;
					};
					BE34907A1AD80F9A00C0384F = {
						CreatedOnToolsVersion = 6.2;
						TestTargetID = BE3490651AD80F9A00C0384F;
					};
				};
			};
			buildConfigurationList = BE3490611AD80F9A00C0384F /* Build configuration list for PBXProject "BullsEye" */;
			compatibilityVersion = "Xcode 3.2";
			developmentRegion = English;
			hasScannedForEncodings = 0;
			knownRegions = (
				en,
				Base,
			);
			mainGroup = BE34905D1AD80F9A00C0384F;
			productRefGroup = BE3490671AD80F9A00C0384F /* Products */;
			projectDirPath = "";
			projectRoot = "";
			targets = (
				BE3490651AD80F9A00C0384F /* BullsEye */,
				BE34907A1AD80F9A00C0384F /* BullsEyeTests */,
			);
		};
/* End PBXProject section */

/* Begin PBXResourcesBuildPhase section */
		BE3490641AD80F9A00C0384F /* Resources */ = {
			isa = PBXResourcesBuildPhase;
			buildActionMask = 2147483647;
			files = (
				BE3490711AD80F9A00C0384F /* Main.storyboard in Resources */,
				BE3490761AD80F9A00C0384F /* LaunchScreen.xib in Resources */,
				BE3490731AD80F9A00C0384F /* Images.xcassets in Resources */,
			);
			runOnlyForDeploymentPostprocessing = 0;
		};
		BE3490791AD80F9A00C0384F /* Resources */ = {
			isa = PBXResourcesBuildPhase;
			buildActionMask = 2147483647;
			files = (
			);
			runOnlyForDeploymentPostprocessing = 0;
		};
/* End PBXResourcesBuildPhase section */

/* Begin PBXSourcesBuildPhase section */
		BE3490621AD80F9A00C0384F /* Sources */ = {
			isa = PBXSourcesBuildPhase;
			buildActionMask = 2147483647;
			files = (
				BE34906E1AD80F9A00C0384F /* ViewController.swift in Sources */,
				BE34906C1AD80F9A00C0384F /* AppDelegate.swift in Sources */,
			);
			runOnlyForDeploymentPostprocessing = 0;
		};
		BE3490771AD80F9A00C0384F /* Sources */ = {
			isa = PBXSourcesBuildPhase;
			buildActionMask = 2147483647;
			files = (
				BE3490821AD80F9A00C0384F /* BullsEyeTests.swift in Sources */,
			);
			runOnlyForDeploymentPostprocessing = 0;
		};
/* End PBXSourcesBuildPhase section */

/* Begin PBXTargetDependency section */
		BE34907D1AD80F9A00C0384F /* PBXTargetDependency */ = {
			isa = PBXTargetDependency;
			target = BE3490651AD80F9A00C0384F /* BullsEye */;
			targetProxy = BE34907C1AD80F9A00C0384F /* PBXContainerItemProxy */;
		};
/* End PBXTargetDependency section */

/* Begin PBXVariantGroup section */
		BE34906F1AD80F9A00C0384F /* Main.storyboard */ = {
			isa = PBXVariantGroup;
			children = (
				BE3490701AD80F9A00C0384F /* Base */,
			);
			name = Main.storyboard;
			sourceTree = "<group>";
		};
		BE3490741AD80F9A00C0384F /* LaunchScreen.xib */ = {
			isa = PBXVariantGroup;
			children = (
				BE3490751AD80F9A00C0384F /* Base */,
			);
			name = LaunchScreen.xib;
			sourceTree = "<group>";
		};
/* End PBXVariantGroup section */

/* Begin XCBuildConfiguration section */
		BE3490831AD80F9A00C0384F /* Debug */ = {
			isa = XCBuildConfiguration;
			buildSettings = {
				ALWAYS_SEARCH_USER_PATHS = NO;
				CLANG_CXX_LANGUAGE_STANDARD = "gnu++0x";
				CLANG_CXX_LIBRARY = "libc++";
				CLANG_ENABLE_MODULES = YES;
				CLANG_ENABLE_OBJC_ARC = YES;
				CLANG_WARN_BOOL_CONVERSION = YES;
				CLANG_WARN_CONSTANT_CONVERSION = YES;
				CLANG_WARN_DIRECT_OBJC_ISA_USAGE = YES_ERROR;
				CLANG_WARN_EMPTY_BODY = YES;
				CLANG_WARN_ENUM_CONVERSION = YES;
				CLANG_WARN_INT_CONVERSION = YES;
				CLANG_WARN_OBJC_ROOT_CLASS = YES_ERROR;
				CLANG_WARN_UNREACHABLE_CODE = YES;
				CLANG_WARN__DUPLICATE_METHOD_MATCH = YES;
				"CODE_SIGN_IDENTITY[sdk=iphoneos*]" = "iPhone Developer";
				COPY_PHASE_STRIP = NO;
				ENABLE_STRICT_OBJC_MSGSEND = YES;
				GCC_C_LANGUAGE_STANDARD = gnu99;
				GCC_DYNAMIC_NO_PIC = NO;
				GCC_OPTIMIZATION_LEVEL = 0;
				GCC_PREPROCESSOR_DEFINITIONS = (
					"DEBUG=1",
					"$(inherited)",
				);
				GCC_SYMBOLS_PRIVATE_EXTERN = NO;
				GCC_WARN_64_TO_32_BIT_CONVERSION = YES;
				GCC_WARN_ABOUT_RETURN_TYPE = YES_ERROR;
				GCC_WARN_UNDECLARED_SELECTOR = YES;
				GCC_WARN_UNINITIALIZED_AUTOS = YES_AGGRESSIVE;
				GCC_WARN_UNUSED_FUNCTION = YES;
				GCC_WARN_UNUSED_VARIABLE = YES;
				IPHONEOS_DEPLOYMENT_TARGET = 8.2;
				MTL_ENABLE_DEBUG_INFO = YES;
				ONLY_ACTIVE_ARCH = YES;
				SDKROOT = iphoneos;
				SWIFT_OPTIMIZATION_LEVEL = "-Onone";
			};
			name = Debug;
		};
		BE3490841AD80F9A00C0384F /* Release */ = {
			isa = XCBuildConfiguration;
			buildSettings = {
				ALWAYS_SEARCH_USER_PATHS = NO;
				CLANG_CXX_LANGUAGE_STANDARD = "gnu++0x";
				CLANG_CXX_LIBRARY = "libc++";
				CLANG_ENABLE_MODULES = YES;
				CLANG_ENABLE_OBJC_ARC = YES;
				CLANG_WARN_BOOL_CONVERSION = YES;
				CLANG_WARN_CONSTANT_CONVERSION = YES;
				CLANG_WARN_DIRECT_OBJC_ISA_USAGE = YES_ERROR;
				CLANG_WARN_EMPTY_BODY = YES;
				CLANG_WARN_ENUM_CONVERSION = YES;
				CLANG_WARN_INT_CONVERSION = YES;
				CLANG_WARN_OBJC_ROOT_CLASS = YES_ERROR;
				CLANG_WARN_UNREACHABLE_CODE = YES;
				CLANG_WARN__DUPLICATE_METHOD_MATCH = YES;
				"CODE_SIGN_IDENTITY[sdk=iphoneos*]" = "iPhone Developer";
				COPY_PHASE_STRIP = NO;
				ENABLE_NS_ASSERTIONS = NO;
				ENABLE_STRICT_OBJC_MSGSEND = YES;
				GCC_C_LANGUAGE_STANDARD = gnu99;
				GCC_WARN_64_TO_32_BIT_CONVERSION = YES;
				GCC_WARN_ABOUT_RETURN_TYPE = YES_ERROR;
				GCC_WARN_UNDECLARED_SELECTOR = YES;
				GCC_WARN_UNINITIALIZED_AUTOS = YES_AGGRESSIVE;
				GCC_WARN_UNUSED_FUNCTION = YES;
				GCC_WARN_UNUSED_VARIABLE = YES;
				IPHONEOS_DEPLOYMENT_TARGET = 8.2;
				MTL_ENABLE_DEBUG_INFO = NO;
				SDKROOT = iphoneos;
				VALIDATE_PRODUCT = YES;
			};
			name = Release;
		};
		BE3490861AD80F9A00C0384F /* Debug */ = {
			isa = XCBuildConfiguration;
			buildSettings = {
				ASSETCATALOG_COMPILER_APPICON_NAME = AppIcon;
				INFOPLIST_FILE = BullsEye/Info.plist;
				LD_RUNPATH_SEARCH_PATHS = "$(inherited) @executable_path/Frameworks";
				PRODUCT_NAME = "$(TARGET_NAME)";
			};
			name = Debug;
		};
		BE3490871AD80F9A00C0384F /* Release */ = {
			isa = XCBuildConfiguration;
			buildSettings = {
				ASSETCATALOG_COMPILER_APPICON_NAME = AppIcon;
				INFOPLIST_FILE = BullsEye/Info.plist;
				LD_RUNPATH_SEARCH_PATHS = "$(inherited) @executable_path/Frameworks";
				PRODUCT_NAME = "$(TARGET_NAME)";
			};
			name = Release;
		};
		BE3490891AD80F9A00C0384F /* Debug */ = {
			isa = XCBuildConfiguration;
			buildSettings = {
				BUNDLE_LOADER = "$(TEST_HOST)";
				FRAMEWORK_SEARCH_PATHS = (
					"$(SDKROOT)/Developer/Library/Frameworks",
					"$(inherited)",
				);
				GCC_PREPROCESSOR_DEFINITIONS = (
					"DEBUG=1",
					"$(inherited)",
				);
				INFOPLIST_FILE = BullsEyeTests/Info.plist;
				LD_RUNPATH_SEARCH_PATHS = "$(inherited) @executable_path/Frameworks @loader_path/Frameworks";
				PRODUCT_NAME = "$(TARGET_NAME)";
				TEST_HOST = "$(BUILT_PRODUCTS_DIR)/BullsEye.app/BullsEye";
			};
			name = Debug;
		};
		BE34908A1AD80F9A00C0384F /* Release */ = {
			isa = XCBuildConfiguration;
			buildSettings = {
				BUNDLE_LOADER = "$(TEST_HOST)";
				FRAMEWORK_SEARCH_PATHS = (
					"$(SDKROOT)/Developer/Library/Frameworks",
					"$(inherited)",
				);
				INFOPLIST_FILE = BullsEyeTests/Info.plist;
				LD_RUNPATH_SEARCH_PATHS = "$(inherited) @executable_path/Frameworks @loader_path/Frameworks";
				PRODUCT_NAME = "$(TARGET_NAME)";
				TEST_HOST = "$(BUILT_PRODUCTS_DIR)/BullsEye.app/BullsEye";
			};
			name = Release;
		};
/* End XCBuildConfiguration section */

/* Begin XCConfigurationList section */
		BE3490611AD80F9A00C0384F /* Build configuration list for PBXProject "BullsEye" */ = {
			isa = XCConfigurationList;
			buildConfigurations = (
				BE3490831AD80F9A00C0384F /* Debug */,
				BE3490841AD80F9A00C0384F /* Release */,
			);
			defaultConfigurationIsVisible = 0;
			defaultConfigurationName = Release;
		};
		BE3490851AD80F9A00C0384F /* Build configuration list for PBXNativeTarget "BullsEye" */ = {
			isa = XCConfigurationList;
			buildConfigurations = (
				BE3490861AD80F9A00C0384F /* Debug */,
				BE3490871AD80F9A00C0384F /* Release */,
			);
			defaultConfigurationIsVisible = 0;
		};
		BE3490881AD80F9A00C0384F /* Build configuration list for PBXNativeTarget "BullsEyeTests" */ = {
			isa = XCConfigurationList;
			buildConfigurations = (
				BE3490891AD80F9A00C0384F /* Debug */,
				BE34908A1AD80F9A00C0384F /* Release */,
			);
			defaultConfigurationIsVisible = 0;
		};
/* End XCConfigurationList section */
	};
	rootObject = BE34905E1AD80F9A00C0384F /* Project object */;
}
